
Microsoft Visual Studio Solution File, Format Version 12.00
# Visual Studio 15
VisualStudioVersion = 15.0.26228.9
MinimumVisualStudioVersion = 10.0.40219.1
Project("{FAE04EC0-301F-11D3-BF4B-00C04F79EFBC}") = "VideoControl", "VideoControl\VideoControl.csproj", "{36F1AD01-FE41-4F76-99CD-8CB80883D4DB}"
EndProject
Global
	GlobalSection(SolutionConfigurationPlatforms) = preSolution
		Debug|Any CPU = Debug|Any CPU
		Release|Any CPU = Release|Any CPU
	EndGlobalSection
	GlobalSection(ProjectConfigurationPlatforms) = postSolution
		{36F1AD01-FE41-4F76-99CD-8CB80883D4DB}.Debug|Any CPU.ActiveCfg = Debug|Any CPU
		{36F1AD01-FE41-4F76-99CD-8CB80883D4DB}.Debug|Any CPU.Build.0 = Debug|Any CPU
		{36F1AD01-FE41-4F76-99CD-8CB80883D4DB}.Release|Any CPU.ActiveCfg = Release|Any CPU
		{36F1AD01-FE41-4F76-99CD-8CB80883D4DB}.Release|Any CPU.Build.0 = Release|Any CPU
	EndGlobalSection
	GlobalSection(SolutionProperties) = preSolution
		HideSolutionNode = FALSE
	EndGlobalSection
EndGlobal
